
Microsoft Visual Studio Solution File, Format Version 12.00
# Visual Studio Version 16
VisualStudioVersion = 16.0.31424.327
MinimumVisualStudioVersion = 10.0.40219.1
Project("{FAE04EC0-301F-11D3-BF4B-00C04F79EFBC}") = "MengYu.BudgetTracker.API", "BudgetTrackerAPI\MengYu.BudgetTracker.API.csproj", "{7295611B-EC7B-498D-965F-95A31F4EA1EA}"
EndProject
Project("{FAE04EC0-301F-11D3-BF4B-00C04F79EFBC}") = "MengYu.BudgetTracker.ApplicationCore", "ApplicationCore\MengYu.BudgetTracker.ApplicationCore.csproj", "{C3BC4256-21CC-4444-987E-C69CEF373F7B}"
EndProject
Project("{FAE04EC0-301F-11D3-BF4B-00C04F79EFBC}") = "MengYu.BudgetTracker.Infrastructure", "Infrastructure\MengYu.BudgetTracker.Infrastructure.csproj", "{5EB1C867-78B2-4461-8C81-25F53B74AC62}"
EndProject
Global
	GlobalSection(SolutionConfigurationPlatforms) = preSolution
		Debug|Any CPU = Debug|Any CPU
		Release|Any CPU = Release|Any CPU
	EndGlobalSection
	GlobalSection(ProjectConfigurationPlatforms) = postSolution
		{7295611B-EC7B-498D-965F-95A31F4EA1EA}.Debug|Any CPU.ActiveCfg = Debug|Any CPU
		{7295611B-EC7B-498D-965F-95A31F4EA1EA}.Debug|Any CPU.Build.0 = Debug|Any CPU
		{7295611B-EC7B-498D-965F-95A31F4EA1EA}.Release|Any CPU.ActiveCfg = Release|Any CPU
		{7295611B-EC7B-498D-965F-95A31F4EA1EA}.Release|Any CPU.Build.0 = Release|Any CPU
		{C3BC4256-21CC-4444-987E-C69CEF373F7B}.Debug|Any CPU.ActiveCfg = Debug|Any CPU
		{C3BC4256-21CC-4444-987E-C69CEF373F7B}.Debug|Any CPU.Build.0 = Debug|Any CPU
		{C3BC4256-21CC-4444-987E-C69CEF373F7B}.Release|Any CPU.ActiveCfg = Release|Any CPU
		{C3BC4256-21CC-4444-987E-C69CEF373F7B}.Release|Any CPU.Build.0 = Release|Any CPU
		{5EB1C867-78B2-4461-8C81-25F53B74AC62}.Debug|Any CPU.ActiveCfg = Debug|Any CPU
		{5EB1C867-78B2-4461-8C81-25F53B74AC62}.Debug|Any CPU.Build.0 = Debug|Any CPU
		{5EB1C867-78B2-4461-8C81-25F53B74AC62}.Release|Any CPU.ActiveCfg = Release|Any CPU
		{5EB1C867-78B2-4461-8C81-25F53B74AC62}.Release|Any CPU.Build.0 = Release|Any CPU
	EndGlobalSection
	GlobalSection(SolutionProperties) = preSolution
		HideSolutionNode = FALSE
	EndGlobalSection
	GlobalSection(ExtensibilityGlobals) = postSolution
		SolutionGuid = {423D226D-FEFC-4F90-ACE3-D0B1126C27D5}
	EndGlobalSection
EndGlobal
